PODS:
  - WaterfallKit (0.0.3)

DEPENDENCIES:
  - WaterfallKit (~> 0.0.3)

SPEC REPOS:
  https://github.com/woodjobber/WJSpecs.git:
    - WaterfallKit

SPEC CHECKSUMS:
  WaterfallKit: 1e813e78aca2c8f725bd1773fb2b6bc9544cff15

PODFILE CHECKSUM: 5412ff867a2a8503a1d77038ef8f2f4353198b61

COCOAPODS: 1.10.1
